// !$*UTF8*$!
{
	archiveVersion = 1;
	classes = {
	};
	objectVersion = 46;
	objects = {

/* Begin PBXBuildFile section */
		238983061E6711D4000F9256 /* AppDelegate.swift in Sources */ = {isa = PBXBuildFile; fileRef = 238983051E6711D4000F9256 /* AppDelegate.swift */; };
		238983081E6711D4000F9256 /* ViewController.swift in Sources */ = {isa = PBXBuildFile; fileRef = 238983071E6711D4000F9256 /* ViewController.swift */; };
		2389830B1E6711D4000F9256 /* Main.storyboard in Resources */ = {isa = PBXBuildFile; fileRef = 238983091E6711D4000F9256 /* Main.storyboard */; };
		2389830D1E6711D4000F9256 /* Assets.xcassets in Resources */ = {isa = PBXBuildFile; fileRef = 2389830C1E6711D4000F9256 /* Assets.xcassets */; };
		238983101E6711D4000F9256 /* LaunchScreen.storyboard in Resources */ = {isa = PBXBuildFile; fileRef = 2389830E1E6711D4000F9256 /* LaunchScreen.storyboard */; };
		2389833B1E68DB11000F9256 /* CalculatorBrain.swift in Sources */ = {isa = PBXBuildFile; fileRef = 2389833A1E68DB11000F9256 /* CalculatorBrain.swift */; };
/* End PBXBuildFile section */

/* Begin PBXFileReference section */
		238983021E6711D4000F9256 /* lecture_1_demo_calculator.app */ = {isa = PBXFileReference; explicitFileType = wrapper.application; includeInIndex = 0; path = lecture_1_demo_calculator.app; sourceTree = BUILT_PRODUCTS_DIR; };
		238983051E6711D4000F9256 /* AppDelegate.swift */ = {isa = PBXFileReference; lastKnownFileType = sourcecode.swift; path = AppDelegate.swift; sourceTree = "<group>"; };
		238983071E6711D4000F9256 /* ViewController.swift */ = {isa = PBXFileReference; lastKnownFileType = sourcecode.swift; path = ViewController.swift; sourceTree = "<group>"; };
		2389830A1E6711D4000F9256 /* Base */ = {isa = PBXFileReference; lastKnownFileType = file.storyboard; name = Base; path = Base.lproj/Main.storyboard; sourceTree = "<group>"; };
		2389830C1E6711D4000F9256 /* Assets.xcassets */ = {isa = PBXFileReference; lastKnownFileType = folder.assetcatalog; path = Assets.xcassets; sourceTree = "<group>"; };
		2389830F1E6711D4000F9256 /* Base */ = {isa = PBXFileReference; lastKnownFileType = file.storyboard; name = Base; path = Base.lproj/LaunchScreen.storyboard; sourceTree = "<group>"; };
		238983111E6711D4000F9256 /* Info.plist */ = {isa = PBXFileReference; lastKnownFileType = text.plist.xml; path = Info.plist; sourceTree = "<group>"; };
		2389833A1E68DB11000F9256 /* CalculatorBrain.swift */ = {isa = PBXFileReference; fileEncoding = 4; lastKnownFileType = sourcecode.swift; path = CalculatorBrain.swift; sourceTree = "<group>"; };
/* End PBXFileReference section */

/* Begin PBXFrameworksBuildPhase section */
		238982FF1E6711D4000F9256 /* Frameworks */ = {
			isa = PBXFrameworksBuildPhase;
			buildActionMask = 2147483647;
			files = (
			);
			runOnlyForDeploymentPostprocessing = 0;
		};
/* End PBXFrameworksBuildPhase section */

/* Begin PBXGroup section */
		238982F91E6711D4000F9256 = {
			isa = PBXGroup;
			children = (
				238983041E6711D4000F9256 /* lecture_1_demo_calculator */,
				238983031E6711D4000F9256 /* Products */,
			);
			sourceTree = "<group>";
		};
		238983031E6711D4000F9256 /* Products */ = {
			isa = PBXGroup;
			children = (
				238983021E6711D4000F9256 /* lecture_1_demo_calculator.app */,
			);
			name = Products;
			sourceTree = "<group>";
		};
		238983041E6711D4000F9256 /* lecture_1_demo_calculator */ = {
			isa = PBXGroup;
			children = (
				238983171E6711E3000F9256 /* Supporting Files */,
				238983071E6711D4000F9256 /* ViewController.swift */,
				238983091E6711D4000F9256 /* Main.storyboard */,
				2389833A1E68DB11000F9256 /* CalculatorBrain.swift */,
			);
			path = lecture_1_demo_calculator;
			sourceTree = "<group>";
		};
		238983171E6711E3000F9256 /* Supporting Files */ = {
			isa = PBXGroup;
			children = (
				238983051E6711D4000F9256 /* AppDelegate.swift */,
				2389830C1E6711D4000F9256 /* Assets.xcassets */,
				2389830E1E6711D4000F9256 /* LaunchScreen.storyboard */,
				238983111E6711D4000F9256 /* Info.plist */,
			);
			name = "Supporting Files";
			sourceTree = "<group>";
		};
/* End PBXGroup section */

/* Begin PBXNativeTarget section */
		238983011E6711D4000F9256 /* lecture_1_demo_calculator */ = {
			isa = PBXNativeTarget;
			buildConfigurationList = 238983141E6711D4000F9256 /* Build configuration list for PBXNativeTarget "lecture_1_demo_calculator" */;
			buildPhases = (
				238982FE1E6711D4000F9256 /* Sources */,
				238982FF1E6711D4000F9256 /* Frameworks */,
				238983001E6711D4000F9256 /* Resources */,
			);
			buildRules = (
			);
			dependencies = (
			);
			name = lecture_1_demo_calculator;
			productName = lecture_1_demo_calculator;
			productReference = 238983021E6711D4000F9256 /* lecture_1_demo_calculator.app */;
			productType = "com.apple.product-type.application";
		};
/* End PBXNativeTarget section */

/* Begin PBXProject section */
		238982FA1E6711D4000F9256 /* Project object */ = {
			isa = PBXProject;
			attributes = {
				LastSwiftUpdateCheck = 0820;
				LastUpgradeCheck = 0820;
				ORGANIZATIONNAME = swiftyper;
				TargetAttributes = {
					238983011E6711D4000F9256 = {
						CreatedOnToolsVersion = 8.2.1;
						DevelopmentTeam = AMCXGTYG4X;
						ProvisioningStyle = Automatic;
					};
				};
			};
			buildConfigurationList = 238982FD1E6711D4000F9256 /* Build configuration list for PBXProject "lecture_1_demo_calculator" */;
			compatibilityVersion = "Xcode 3.2";
			developmentRegion = English;
			hasScannedForEncodings = 0;
			knownRegions = (
				en,
				Base,
			);
			mainGroup = 238982F91E6711D4000F9256;
			productRefGroup = 238983031E6711D4000F9256 /* Products */;
			projectDirPath = "";
			projectRoot = "";
			targets = (
				238983011E6711D4000F9256 /* lecture_1_demo_calculator */,
			);
		};
/* End PBXProject section */

/* Begin PBXResourcesBuildPhase section */
		238983001E6711D4000F9256 /* Resources */ = {
			isa = PBXResourcesBuildPhase;
			buildActionMask = 2147483647;
			files = (
				238983101E6711D4000F9256 /* LaunchScreen.storyboard in Resources */,
				2389830D1E6711D4000F9256 /* Assets.xcassets in Resources */,
				2389830B1E6711D4000F9256 /* Main.storyboard in Resources */,
			);
			runOnlyForDeploymentPostprocessing = 0;
		};
/* End PBXResourcesBuildPhase section */

/* Begin PBXSourcesBuildPhase section */
		238982FE1E6711D4000F9256 /* Sources */ = {
			isa = PBXSourcesBuildPhase;
			buildActionMask = 2147483647;
			files = (
				2389833B1E68DB11000F9256 /* CalculatorBrain.swift in Sources */,
				238983081E6711D4000F9256 /* ViewController.swift in Sources */,
				238983061E6711D4000F9256 /* AppDelegate.swift in Sources */,
			);
			runOnlyForDeploymentPostprocessing = 0;
		};
/* End PBXSourcesBuildPhase section */

/* Begin PBXVariantGroup section */
		238983091E6711D4000F9256 /* Main.storyboard */ = {
			isa = PBXVariantGroup;
			children = (
				2389830A1E6711D4000F9256 /* Base */,
			);
			name = Main.storyboard;
			sourceTree = "<group>";
		};
		2389830E1E6711D4000F9256 /* LaunchScreen.storyboard */ = {
			isa = PBXVariantGroup;
			children = (
				2389830F1E6711D4000F9256 /* Base */,
			);
			name = LaunchScreen.storyboard;
			sourceTree = "<group>";
		};
/* End PBXVariantGroup section */

/* Begin XCBuildConfiguration section */
		238983121E6711D4000F9256 /* Debug */ = {
			isa = XCBuildConfiguration;
			buildSettings = {
				ALWAYS_SEARCH_USER_PATHS = NO;
				CLANG_ANALYZER_NONNULL = YES;
				CLANG_CXX_LANGUAGE_STANDARD = "gnu++0x";
				CLANG_CXX_LIBRARY = "libc++";
				CLANG_ENABLE_MODULES = YES;
				CLANG_ENABLE_OBJC_ARC = YES;
				CLANG_WARN_BOOL_CONVERSION = YES;
				CLANG_WARN_CONSTANT_CONVERSION = YES;
				CLANG_WARN_DIRECT_OBJC_ISA_USAGE = YES_ERROR;
				CLANG_WARN_DOCUMENTATION_COMMENTS = YES;
				CLANG_WARN_EMPTY_BODY = YES;
				CLANG_WARN_ENUM_CONVERSION = YES;
				CLANG_WARN_INFINITE_RECURSION = YES;
				CLANG_WARN_INT_CONVERSION = YES;
				CLANG_WARN_OBJC_ROOT_CLASS = YES_ERROR;
				CLANG_WARN_SUSPICIOUS_MOVE = YES;
				CLANG_WARN_UNREACHABLE_CODE = YES;
				CLANG_WARN__DUPLICATE_METHOD_MATCH = YES;
				"CODE_SIGN_IDENTITY[sdk=iphoneos*]" = "iPhone Developer";
				COPY_PHASE_STRIP = NO;
				DEBUG_INFORMATION_FORMAT = dwarf;
				ENABLE_STRICT_OBJC_MSGSEND = YES;
				ENABLE_TESTABILITY = YES;
				GCC_C_LANGUAGE_STANDARD = gnu99;
				GCC_DYNAMIC_NO_PIC = NO;
				GCC_NO_COMMON_BLOCKS = YES;
				GCC_OPTIMIZATION_LEVEL = 0;
				GCC_PREPROCESSOR_DEFINITIONS = (
					"DEBUG=1",
					"$(inherited)",
				);
				GCC_WARN_64_TO_32_BIT_CONVERSION = YES;
				GCC_WARN_ABOUT_RETURN_TYPE = YES_ERROR;
				GCC_WARN_UNDECLARED_SELECTOR = YES;
				GCC_WARN_UNINITIALIZED_AUTOS = YES_AGGRESSIVE;
				GCC_WARN_UNUSED_FUNCTION = YES;
				GCC_WARN_UNUSED_VARIABLE = YES;
				IPHONEOS_DEPLOYMENT_TARGET = 10.2;
				MTL_ENABLE_DEBUG_INFO = YES;
				ONLY_ACTIVE_ARCH = YES;
				SDKROOT = iphoneos;
				SWIFT_ACTIVE_COMPILATION_CONDITIONS = DEBUG;
				SWIFT_OPTIMIZATION_LEVEL = "-Onone";
			};
			name = Debug;
		};
		238983131E6711D4000F9256 /* Release */ = {
			isa = XCBuildConfiguration;
			buildSettings = {
				ALWAYS_SEARCH_USER_PATHS = NO;
				CLANG_ANALYZER_NONNULL = YES;
				CLANG_CXX_LANGUAGE_STANDARD = "gnu++0x";
				CLANG_CXX_LIBRARY = "libc++";
				CLANG_ENABLE_MODULES = YES;
				CLANG_ENABLE_OBJC_ARC = YES;
				CLANG_WARN_BOOL_CONVERSION = YES;
				CLANG_WARN_CONSTANT_CONVERSION = YES;
				CLANG_WARN_DIRECT_OBJC_ISA_USAGE = YES_ERROR;
				CLANG_WARN_DOCUMENTATION_COMMENTS = YES;
				CLANG_WARN_EMPTY_BODY = YES;
				CLANG_WARN_ENUM_CONVERSION = YES;
				CLANG_WARN_INFINITE_RECURSION = YES;
				CLANG_WARN_INT_CONVERSION = YES;
				CLANG_WARN_OBJC_ROOT_CLASS = YES_ERROR;
				CLANG_WARN_SUSPICIOUS_MOVE = YES;
				CLANG_WARN_UNREACHABLE_CODE = YES;
				CLANG_WARN__DUPLICATE_METHOD_MATCH = YES;
				"CODE_SIGN_IDENTITY[sdk=iphoneos*]" = "iPhone Developer";
				COPY_PHASE_STRIP = NO;
				DEBUG_INFORMATION_FORMAT = "dwarf-with-dsym";
				ENABLE_NS_ASSERTIONS = NO;
				ENABLE_STRICT_OBJC_MSGSEND = YES;
				GCC_C_LANGUAGE_STANDARD = gnu99;
				GCC_NO_COMMON_BLOCKS = YES;
				GCC_WARN_64_TO_32_BIT_CONVERSION = YES;
				GCC_WARN_ABOUT_RETURN_TYPE = YES_ERROR;
				GCC_WARN_UNDECLARED_SELECTOR = YES;
				GCC_WARN_UNINITIALIZED_AUTOS = YES_AGGRESSIVE;
				GCC_WARN_UNUSED_FUNCTION = YES;
				GCC_WARN_UNUSED_VARIABLE = YES;
				IPHONEOS_DEPLOYMENT_TARGET = 10.2;
				MTL_ENABLE_DEBUG_INFO = NO;
				SDKROOT = iphoneos;
				SWIFT_OPTIMIZATION_LEVEL = "-Owholemodule";
				VALIDATE_PRODUCT = YES;
			};
			name = Release;
		};
		238983151E6711D4000F9256 /* Debug */ = {
			isa = XCBuildConfiguration;
			buildSettings = {
				ASSETCATALOG_COMPILER_APPICON_NAME = AppIcon;
				DEVELOPMENT_TEAM = AMCXGTYG4X;
				INFOPLIST_FILE = lecture_1_demo_calculator/Info.plist;
				IPHONEOS_DEPLOYMENT_TARGET = 10.0;
				LD_RUNPATH_SEARCH_PATHS = "$(inherited) @executable_path/Frameworks";
				PRODUCT_BUNDLE_IDENTIFIER = "com.swiftyper.lecture-1-demo-calculator";
				PRODUCT_NAME = "$(TARGET_NAME)";
				SWIFT_VERSION = 3.0;
			};
			name = Debug;
		};
		238983161E6711D4000F9256 /* Release */ = {
			isa = XCBuildConfiguration;
			buildSettings = {
				ASSETCATALOG_COMPILER_APPICON_NAME = AppIcon;
				DEVELOPMENT_TEAM = AMCXGTYG4X;
				INFOPLIST_FILE = lecture_1_demo_calculator/Info.plist;
				IPHONEOS_DEPLOYMENT_TARGET = 10.0;
				LD_RUNPATH_SEARCH_PATHS = "$(inherited) @executable_path/Frameworks";
				PRODUCT_BUNDLE_IDENTIFIER = "com.swiftyper.lecture-1-demo-calculator";
				PRODUCT_NAME = "$(TARGET_NAME)";
				SWIFT_VERSION = 3.0;
			};
			name = Release;
		};
/* End XCBuildConfiguration section */

/* Begin XCConfigurationList section */
		238982FD1E6711D4000F9256 /* Build configuration list for PBXProject "lecture_1_demo_calculator" */ = {
			isa = XCConfigurationList;
			buildConfigurations = (
				238983121E6711D4000F9256 /* Debug */,
				238983131E6711D4000F9256 /* Release */,
			);
			defaultConfigurationIsVisible = 0;
			defaultConfigurationName = Release;
		};
		238983141E6711D4000F9256 /* Build configuration list for PBXNativeTarget "lecture_1_demo_calculator" */ = {
			isa = XCConfigurationList;
			buildConfigurations = (
				238983151E6711D4000F9256 /* Debug */,
				238983161E6711D4000F9256 /* Release */,
			);
			defaultConfigurationIsVisible = 0;
			defaultConfigurationName = Release;
		};
/* End XCConfigurationList section */
	};
	rootObject = 238982FA1E6711D4000F9256 /* Project object */;
}
